
Microsoft Visual Studio Solution File, Format Version 12.00
# Visual Studio 15
VisualStudioVersion = 15.0.28307.572
MinimumVisualStudioVersion = 10.0.40219.1
Project("{FAE04EC0-301F-11D3-BF4B-00C04F79EFBC}") = "CSharp_OOP", "CSharp_OOP\CSharp_OOP.csproj", "{4D2ADD7F-2E71-4906-9012-1F93E917D1C0}"
EndProject
Global
	GlobalSection(SolutionConfigurationPlatforms) = preSolution
		Debug|Any CPU = Debug|Any CPU
		Release|Any CPU = Release|Any CPU
	EndGlobalSection
	GlobalSection(ProjectConfigurationPlatforms) = postSolution
		{4D2ADD7F-2E71-4906-9012-1F93E917D1C0}.Debug|Any CPU.ActiveCfg = Debug|Any CPU
		{4D2ADD7F-2E71-4906-9012-1F93E917D1C0}.Debug|Any CPU.Build.0 = Debug|Any CPU
		{4D2ADD7F-2E71-4906-9012-1F93E917D1C0}.Release|Any CPU.ActiveCfg = Release|Any CPU
		{4D2ADD7F-2E71-4906-9012-1F93E917D1C0}.Release|Any CPU.Build.0 = Release|Any CPU
	EndGlobalSection
	GlobalSection(SolutionProperties) = preSolution
		HideSolutionNode = FALSE
	EndGlobalSection
	GlobalSection(ExtensibilityGlobals) = postSolution
		SolutionGuid = {A299A92C-0E5C-4729-BE29-6725C9A985D0}
	EndGlobalSection
EndGlobal
